
Microsoft Visual Studio Solution File, Format Version 12.00
# Visual Studio Version 17
VisualStudioVersion = 17.4.33110.190
MinimumVisualStudioVersion = 10.0.40219.1
Project("{FAE04EC0-301F-11D3-BF4B-00C04F79EFBC}") = "Space-Invaders", "Space-Invaders\Space-Invaders.csproj", "{EE1DCEBD-AB26-4BA7-99FF-28E482EB0AA7}"
EndProject
Global
	GlobalSection(SolutionConfigurationPlatforms) = preSolution
		Debug|Any CPU = Debug|Any CPU
		Release|Any CPU = Release|Any CPU
	EndGlobalSection
	GlobalSection(ProjectConfigurationPlatforms) = postSolution
		{EE1DCEBD-AB26-4BA7-99FF-28E482EB0AA7}.Debug|Any CPU.ActiveCfg = Debug|Any CPU
		{EE1DCEBD-AB26-4BA7-99FF-28E482EB0AA7}.Debug|Any CPU.Build.0 = Debug|Any CPU
		{EE1DCEBD-AB26-4BA7-99FF-28E482EB0AA7}.Release|Any CPU.ActiveCfg = Release|Any CPU
		{EE1DCEBD-AB26-4BA7-99FF-28E482EB0AA7}.Release|Any CPU.Build.0 = Release|Any CPU
	EndGlobalSection
	GlobalSection(SolutionProperties) = preSolution
		HideSolutionNode = FALSE
	EndGlobalSection
	GlobalSection(ExtensibilityGlobals) = postSolution
		SolutionGuid = {F829DA07-AC20-4EE5-8DE6-FA6DBD7AD096}
	EndGlobalSection
EndGlobal
